
Microsoft Visual Studio Solution File, Format Version 12.00
# Visual Studio Version 17
VisualStudioVersion = 17.9.34607.119
MinimumVisualStudioVersion = 10.0.40219.1
Project("{9A19103F-16F7-4668-BE54-9A1E7A4F7556}") = "Sorter", "Sorter\Sorter.csproj", "{A1602836-1CD0-45B9-9F83-97E48BD2D616}"
EndProject
Global
	GlobalSection(SolutionConfigurationPlatforms) = preSolution
		Debug|Any CPU = Debug|Any CPU
		Release|Any CPU = Release|Any CPU
	EndGlobalSection
	GlobalSection(ProjectConfigurationPlatforms) = postSolution
		{A1602836-1CD0-45B9-9F83-97E48BD2D616}.Debug|Any CPU.ActiveCfg = Debug|Any CPU
		{A1602836-1CD0-45B9-9F83-97E48BD2D616}.Debug|Any CPU.Build.0 = Debug|Any CPU
		{A1602836-1CD0-45B9-9F83-97E48BD2D616}.Release|Any CPU.ActiveCfg = Release|Any CPU
		{A1602836-1CD0-45B9-9F83-97E48BD2D616}.Release|Any CPU.Build.0 = Release|Any CPU
	EndGlobalSection
	GlobalSection(SolutionProperties) = preSolution
		HideSolutionNode = FALSE
	EndGlobalSection
	GlobalSection(ExtensibilityGlobals) = postSolution
		SolutionGuid = {78A9B0C8-005F-498C-9227-2E1C75752332}
	EndGlobalSection
EndGlobal
