
Microsoft Visual Studio Solution File, Format Version 12.00
# Visual Studio Version 17
VisualStudioVersion = 17.9.34607.119
MinimumVisualStudioVersion = 10.0.40219.1
Project("{FAE04EC0-301F-11D3-BF4B-00C04F79EFBC}") = "СхевенингерскаяСистема", "СхевенингерскаяСистема\СхевенингерскаяСистема.csproj", "{121AC83F-ADC5-484B-ABD9-451E12564539}"
EndProject
Global
	GlobalSection(SolutionConfigurationPlatforms) = preSolution
		Debug|Any CPU = Debug|Any CPU
		Release|Any CPU = Release|Any CPU
	EndGlobalSection
	GlobalSection(ProjectConfigurationPlatforms) = postSolution
		{121AC83F-ADC5-484B-ABD9-451E12564539}.Debug|Any CPU.ActiveCfg = Debug|Any CPU
		{121AC83F-ADC5-484B-ABD9-451E12564539}.Debug|Any CPU.Build.0 = Debug|Any CPU
		{121AC83F-ADC5-484B-ABD9-451E12564539}.Release|Any CPU.ActiveCfg = Release|Any CPU
		{121AC83F-ADC5-484B-ABD9-451E12564539}.Release|Any CPU.Build.0 = Release|Any CPU
	EndGlobalSection
	GlobalSection(SolutionProperties) = preSolution
		HideSolutionNode = FALSE
	EndGlobalSection
	GlobalSection(ExtensibilityGlobals) = postSolution
		SolutionGuid = {78A9B0C8-005F-498C-9227-2E1C75752332}
	EndGlobalSection
EndGlobal
